
Microsoft Visual Studio Solution File, Format Version 11.00
# Visual Studio 2010
Project("{FAE04EC0-301F-11D3-BF4B-00C04F79EFBC}") = "k164058_Q5", "k164058_Q5\k164058_Q5.csproj", "{61A2206A-1EAC-4D27-A091-94817FAD9CE6}"
EndProject
Global
	GlobalSection(SolutionConfigurationPlatforms) = preSolution
		Debug|x86 = Debug|x86
		Release|x86 = Release|x86
	EndGlobalSection
	GlobalSection(ProjectConfigurationPlatforms) = postSolution
		{61A2206A-1EAC-4D27-A091-94817FAD9CE6}.Debug|x86.ActiveCfg = Debug|x86
		{61A2206A-1EAC-4D27-A091-94817FAD9CE6}.Debug|x86.Build.0 = Debug|x86
		{61A2206A-1EAC-4D27-A091-94817FAD9CE6}.Release|x86.ActiveCfg = Release|x86
		{61A2206A-1EAC-4D27-A091-94817FAD9CE6}.Release|x86.Build.0 = Release|x86
	EndGlobalSection
	GlobalSection(SolutionProperties) = preSolution
		HideSolutionNode = FALSE
	EndGlobalSection
EndGlobal
